# Code generated by scarb DO NOT EDIT.
version = 1

[[package]]
name = "custom_module"
version = "0.1.0"
dependencies = [
 "hdp_cairo",
]

[[package]]
name = "hdp_cairo"
version = "0.1.0"
source = "git+https://github.com/HerodotusDev/hdp-cairo.git?branch=hdp_neo#58f7c4faf7554663a009f8bd70d1e106edc6dbad"
