# Code generated by scarb DO NOT EDIT.
version = 1

[[package]]
name = "custom_module"
version = "0.1.0"
dependencies = [
 "hdp_cairo",
]

[[package]]
name = "hdp_cairo"
version = "0.1.0"
source = "git+https://github.com/HerodotusDev/hdp-cairo.git?branch=cairo0_cairo1_transaction_syscall_support#92151d9afa67e228c3c254e84bcd86aff2675e59"
